{
  "name": "git-for-train",
  "version": "1.0.0",
  "lockfileVersion": 1,
  "requires": true,
  "dependencies": {
    "metarhia-common": {
      "version": "0.0.38",
      "resolved": "https://registry.npmjs.org/metarhia-common/-/metarhia-common-0.0.38.tgz",
      "integrity": "sha512-uqum7RyAaTzsiHdBJm0rZnSYkdyfa/md6OpRtZ/S/zWNLVK8Q5O4MjNU5Zo60Xlo5sFHOmUjeTIifzmNmI2fDg=="
    }
  }
}
